Microsoft Visual Studio Solution File, Format Version 12.00
Project("{FAE04EC0-301F-11D3-BF4B-00C04F79EFBC}") = "FezEditor", "FezEditor\FezEditor.csproj", "{8D011A5D-A5E5-4CB1-9AE6-25A87F31D6A6}"
EndProject
Project("{FAE04EC0-301F-11D3-BF4B-00C04F79EFBC}") = "FNA.Core", "FNA\FNA.Core.csproj", "{85D8FE6C-B616-433C-9A90-9A6552296167}"
EndProject
Project("{FAE04EC0-301F-11D3-BF4B-00C04F79EFBC}") = "FEZRepacker.Core", "FEZRepacker\Core\FEZRepacker.Core.csproj", "{510BD02A-1D5C-4895-BBA8-969CC5DD8EB5}"
EndProject
Global
	GlobalSection(SolutionConfigurationPlatforms) = preSolution
		Debug|Any CPU = Debug|Any CPU
		Release|Any CPU = Release|Any CPU
	EndGlobalSection
	GlobalSection(ProjectConfigurationPlatforms) = postSolution
		{8D011A5D-A5E5-4CB1-9AE6-25A87F31D6A6}.Debug|Any CPU.ActiveCfg = Debug|Any CPU
		{8D011A5D-A5E5-4CB1-9AE6-25A87F31D6A6}.Debug|Any CPU.Build.0 = Debug|Any CPU
		{8D011A5D-A5E5-4CB1-9AE6-25A87F31D6A6}.Release|Any CPU.ActiveCfg = Release|Any CPU
		{8D011A5D-A5E5-4CB1-9AE6-25A87F31D6A6}.Release|Any CPU.Build.0 = Release|Any CPU
		{85D8FE6C-B616-433C-9A90-9A6552296167}.Debug|Any CPU.ActiveCfg = Debug|Any CPU
		{85D8FE6C-B616-433C-9A90-9A6552296167}.Debug|Any CPU.Build.0 = Debug|Any CPU
		{85D8FE6C-B616-433C-9A90-9A6552296167}.Release|Any CPU.ActiveCfg = Release|Any CPU
		{85D8FE6C-B616-433C-9A90-9A6552296167}.Release|Any CPU.Build.0 = Release|Any CPU
		{510BD02A-1D5C-4895-BBA8-969CC5DD8EB5}.Debug|Any CPU.ActiveCfg = Debug|Any CPU
		{510BD02A-1D5C-4895-BBA8-969CC5DD8EB5}.Debug|Any CPU.Build.0 = Debug|Any CPU
		{510BD02A-1D5C-4895-BBA8-969CC5DD8EB5}.Release|Any CPU.ActiveCfg = Release|Any CPU
		{510BD02A-1D5C-4895-BBA8-969CC5DD8EB5}.Release|Any CPU.Build.0 = Release|Any CPU
	EndGlobalSection
	GlobalSection(SolutionProperties) = preSolution
		HideSolutionNode = FALSE
	EndGlobalSection
EndGlobal
